
Microsoft Visual Studio Solution File, Format Version 12.00
# Visual Studio 15
VisualStudioVersion = 15.0.28010.2026
MinimumVisualStudioVersion = 10.0.40219.1
Project("{9A19103F-16F7-4668-BE54-9A1E7A4F7556}") = "MessageApi", "MessageApi\MessageApi.csproj", "{C1063AEE-7A52-4B2E-A001-B17E61884260}"
EndProject
Project("{9A19103F-16F7-4668-BE54-9A1E7A4F7556}") = "HelloWorldConsoleApp", "HelloWorldConsoleApp\HelloWorldConsoleApp.csproj", "{1C911768-7E5F-41F3-864E-471BF0DB1198}"
EndProject
Project("{FAE04EC0-301F-11D3-BF4B-00C04F79EFBC}") = "HelloWorldTests", "XUnitTestProject1\HelloWorldTests.csproj", "{7946E38D-BD3C-4FA8-B5BA-DF0231BE9A6F}"
EndProject
Global
	GlobalSection(SolutionConfigurationPlatforms) = preSolution
		Debug|Any CPU = Debug|Any CPU
		Release|Any CPU = Release|Any CPU
	EndGlobalSection
	GlobalSection(ProjectConfigurationPlatforms) = postSolution
		{C1063AEE-7A52-4B2E-A001-B17E61884260}.Debug|Any CPU.ActiveCfg = Debug|Any CPU
		{C1063AEE-7A52-4B2E-A001-B17E61884260}.Debug|Any CPU.Build.0 = Debug|Any CPU
		{C1063AEE-7A52-4B2E-A001-B17E61884260}.Release|Any CPU.ActiveCfg = Release|Any CPU
		{C1063AEE-7A52-4B2E-A001-B17E61884260}.Release|Any CPU.Build.0 = Release|Any CPU
		{1C911768-7E5F-41F3-864E-471BF0DB1198}.Debug|Any CPU.ActiveCfg = Debug|Any CPU
		{1C911768-7E5F-41F3-864E-471BF0DB1198}.Debug|Any CPU.Build.0 = Debug|Any CPU
		{1C911768-7E5F-41F3-864E-471BF0DB1198}.Release|Any CPU.ActiveCfg = Release|Any CPU
		{1C911768-7E5F-41F3-864E-471BF0DB1198}.Release|Any CPU.Build.0 = Release|Any CPU
		{7946E38D-BD3C-4FA8-B5BA-DF0231BE9A6F}.Debug|Any CPU.ActiveCfg = Debug|Any CPU
		{7946E38D-BD3C-4FA8-B5BA-DF0231BE9A6F}.Debug|Any CPU.Build.0 = Debug|Any CPU
		{7946E38D-BD3C-4FA8-B5BA-DF0231BE9A6F}.Release|Any CPU.ActiveCfg = Release|Any CPU
		{7946E38D-BD3C-4FA8-B5BA-DF0231BE9A6F}.Release|Any CPU.Build.0 = Release|Any CPU
	EndGlobalSection
	GlobalSection(SolutionProperties) = preSolution
		HideSolutionNode = FALSE
	EndGlobalSection
	GlobalSection(ExtensibilityGlobals) = postSolution
		SolutionGuid = {9C9740BE-36F5-405B-9E1A-393F5417EA52}
	EndGlobalSection
EndGlobal
